
Microsoft Visual Studio Solution File, Format Version 12.00
# Visual Studio Version 16
VisualStudioVersion = 16.0.30717.126
MinimumVisualStudioVersion = 10.0.40219.1
Project("{FAE04EC0-301F-11D3-BF4B-00C04F79EFBC}") = "MathAndComparisonStep158", "MathAndComparisonStep158\MathAndComparisonStep158.csproj", "{50E8DEF1-BF6F-4116-B1EC-B5006B123543}"
EndProject
Global
	GlobalSection(SolutionConfigurationPlatforms) = preSolution
		Debug|Any CPU = Debug|Any CPU
		Release|Any CPU = Release|Any CPU
	EndGlobalSection
	GlobalSection(ProjectConfigurationPlatforms) = postSolution
		{50E8DEF1-BF6F-4116-B1EC-B5006B123543}.Debug|Any CPU.ActiveCfg = Debug|Any CPU
		{50E8DEF1-BF6F-4116-B1EC-B5006B123543}.Debug|Any CPU.Build.0 = Debug|Any CPU
		{50E8DEF1-BF6F-4116-B1EC-B5006B123543}.Release|Any CPU.ActiveCfg = Release|Any CPU
		{50E8DEF1-BF6F-4116-B1EC-B5006B123543}.Release|Any CPU.Build.0 = Release|Any CPU
	EndGlobalSection
	GlobalSection(SolutionProperties) = preSolution
		HideSolutionNode = FALSE
	EndGlobalSection
	GlobalSection(ExtensibilityGlobals) = postSolution
		SolutionGuid = {A43A4706-DD60-4BE3-8C17-8F9E25658440}
	EndGlobalSection
EndGlobal
